{
  "lockfile_version": "1",
  "packages": {
    "github:NixOS/nixpkgs/nixpkgs-unstable": {
      "last_modified": "2026-01-02T14:39:32Z",
      "resolved": "github:NixOS/nixpkgs/16c7794d0a28b5a37904d55bcca36003b9109aaa?lastModified=1767364772&narHash=sha256-fFUnEYMla8b7UKjijLnMe%2BoVFOz6HjijGGNS1l7dYaQ%3D"
    },
    "pre-commit@4.5.1": {
      "last_modified": "2025-12-19T06:18:24Z",
      "resolved": "github:NixOS/nixpkgs/7d853e518814cca2a657b72eeba67ae20ebf7059#pre-commit",
      "source": "devbox-search",
      "version": "4.5.1",
      "systems": {
        "aarch64-darwin": {
          "outputs": [
            {
              "name": "out",
              "path": "/nix/store/yagix71f4isji0myf607lg6fnp2v8pzd-pre-commit-4.5.1",
              "default": true
            },
            {
              "name": "dist",
              "path": "/nix/store/93pci74s78ys6kl0wkngbya11lc8w0wk-pre-commit-4.5.1-dist"
            }
          ],
          "store_path": "/nix/store/yagix71f4isji0myf607lg6fnp2v8pzd-pre-commit-4.5.1"
        },
        "aarch64-linux": {
          "outputs": [
            {
              "name": "out",
              "path": "/nix/store/ilrpcyddb85m5gy62l4rvsfb7s7dhrd7-pre-commit-4.5.1",
              "default": true
            },
            {
              "name": "dist",
              "path": "/nix/store/kfy8345gm5xcc5dlygg2zfyd0w462242-pre-commit-4.5.1-dist"
            }
          ],
          "store_path": "/nix/store/ilrpcyddb85m5gy62l4rvsfb7s7dhrd7-pre-commit-4.5.1"
        },
        "x86_64-darwin": {
          "outputs": [
            {
              "name": "out",
              "path": "/nix/store/7dxds9ch0bnmadp07ppzyrlw0wxmihsl-pre-commit-4.5.1",
              "default": true
            },
            {
              "name": "dist",
              "path": "/nix/store/8wqpnr6yvlzas2yssl4icvsyslk82b78-pre-commit-4.5.1-dist"
            }
          ],
          "store_path": "/nix/store/7dxds9ch0bnmadp07ppzyrlw0wxmihsl-pre-commit-4.5.1"
        },
        "x86_64-linux": {
          "outputs": [
            {
              "name": "out",
              "path": "/nix/store/nq4n5yd6paaqc8hm1f54g9lsz87zpwzm-pre-commit-4.5.1",
              "default": true
            },
            {
              "name": "dist",
              "path": "/nix/store/1bljyj2nkv05jm4q84rj6fbr4zc1q26p-pre-commit-4.5.1-dist"
            }
          ],
          "store_path": "/nix/store/nq4n5yd6paaqc8hm1f54g9lsz87zpwzm-pre-commit-4.5.1"
        }
      }
    },
    "uv@0.9.18": {
      "last_modified": "2025-12-18T02:44:17Z",
      "resolved": "github:NixOS/nixpkgs/def3da69945bbe338c373fddad5a1bb49cf199ce#uv",
      "source": "devbox-search",
      "version": "0.9.18",
      "systems": {
        "aarch64-darwin": {
          "outputs": [
            {
              "name": "out",
              "path": "/nix/store/8p7xc548qhrs4ns82bamyxnjm1h6w16s-uv-0.9.18",
              "default": true
            }
          ],
          "store_path": "/nix/store/8p7xc548qhrs4ns82bamyxnjm1h6w16s-uv-0.9.18"
        },
        "aarch64-linux": {
          "outputs": [
            {
              "name": "out",
              "path": "/nix/store/s2r0d03va9llzxbvjwd2ncpmn3nysnp6-uv-0.9.18",
              "default": true
            }
          ],
          "store_path": "/nix/store/s2r0d03va9llzxbvjwd2ncpmn3nysnp6-uv-0.9.18"
        },
        "x86_64-darwin": {
          "outputs": [
            {
              "name": "out",
              "path": "/nix/store/wz27b8hmvng619crzsfcdh9vywdakxa3-uv-0.9.18",
              "default": true
            }
          ],
          "store_path": "/nix/store/wz27b8hmvng619crzsfcdh9vywdakxa3-uv-0.9.18"
        },
        "x86_64-linux": {
          "outputs": [
            {
              "name": "out",
              "path": "/nix/store/hba3r60zyn9mcqp2s71qwv7rlkv3qskn-uv-0.9.18",
              "default": true
            }
          ],
          "store_path": "/nix/store/hba3r60zyn9mcqp2s71qwv7rlkv3qskn-uv-0.9.18"
        }
      }
    }
  }
}
