{
  "lockfile_version": "1",
  "packages": {
    "github:NixOS/nixpkgs/nixpkgs-unstable": {
      "last_modified": "2026-01-10T08:02:33Z",
      "resolved": "github:NixOS/nixpkgs/3146c6aa9995e7351a398e17470e15305e6e18ff?lastModified=1768032153&narHash=sha256-6kD1MdY9fsE6FgSwdnx29hdH2UcBKs3%2F%2BJJleMShuJg%3D"
    },
    "pre-commit@4.5.1": {
      "last_modified": "2025-12-31T03:27:36Z",
      "resolved": "github:NixOS/nixpkgs/f665af0cdb70ed27e1bd8f9fdfecaf451260fc55#pre-commit",
      "source": "devbox-search",
      "version": "4.5.1",
      "systems": {
        "aarch64-darwin": {
          "outputs": [
            {
              "name": "out",
              "path": "/nix/store/y7afff6v2igvvscviwqkwc49mk94hzxy-pre-commit-4.5.1",
              "default": true
            },
            {
              "name": "dist",
              "path": "/nix/store/ndm3g4yic9gybzjyaxzvxqbmmrzi3d8b-pre-commit-4.5.1-dist"
            }
          ],
          "store_path": "/nix/store/y7afff6v2igvvscviwqkwc49mk94hzxy-pre-commit-4.5.1"
        },
        "aarch64-linux": {
          "outputs": [
            {
              "name": "out",
              "path": "/nix/store/y2vh3afpi4qiq46hqrmg96qnqbym7wh4-pre-commit-4.5.1",
              "default": true
            },
            {
              "name": "dist",
              "path": "/nix/store/a08890vxnspsj9wf9972saqa0rwy5kcx-pre-commit-4.5.1-dist"
            }
          ],
          "store_path": "/nix/store/y2vh3afpi4qiq46hqrmg96qnqbym7wh4-pre-commit-4.5.1"
        },
        "x86_64-darwin": {
          "outputs": [
            {
              "name": "out",
              "path": "/nix/store/wyg085f47v7db58mzbkba0qir4qd2w34-pre-commit-4.5.1",
              "default": true
            },
            {
              "name": "dist",
              "path": "/nix/store/an75bxba9v4712spgir3qx76wpvd6cvc-pre-commit-4.5.1-dist"
            }
          ],
          "store_path": "/nix/store/wyg085f47v7db58mzbkba0qir4qd2w34-pre-commit-4.5.1"
        },
        "x86_64-linux": {
          "outputs": [
            {
              "name": "out",
              "path": "/nix/store/dkrzzx1xvhs3ibz6p3mq7d35b9fjliw4-pre-commit-4.5.1",
              "default": true
            },
            {
              "name": "dist",
              "path": "/nix/store/55bcdsvif6i0ndvp09j0ccrvk2r9b98w-pre-commit-4.5.1-dist"
            }
          ],
          "store_path": "/nix/store/dkrzzx1xvhs3ibz6p3mq7d35b9fjliw4-pre-commit-4.5.1"
        }
      }
    },
    "uv@0.9.26": {
      "last_modified": "2026-01-19T00:39:23Z",
      "resolved": "github:NixOS/nixpkgs/bde09022887110deb780067364a0818e89258968#uv",
      "source": "devbox-search",
      "version": "0.9.26",
      "systems": {
        "aarch64-darwin": {
          "outputs": [
            {
              "name": "out",
              "path": "/nix/store/991jgkc1kpg7w14l8bmc20yyp7hnwamd-uv-0.9.26",
              "default": true
            }
          ],
          "store_path": "/nix/store/991jgkc1kpg7w14l8bmc20yyp7hnwamd-uv-0.9.26"
        },
        "aarch64-linux": {
          "outputs": [
            {
              "name": "out",
              "path": "/nix/store/y35q55agb16ydq6496s01mqmjwrgqgk6-uv-0.9.26",
              "default": true
            }
          ],
          "store_path": "/nix/store/y35q55agb16ydq6496s01mqmjwrgqgk6-uv-0.9.26"
        },
        "x86_64-darwin": {
          "outputs": [
            {
              "name": "out",
              "path": "/nix/store/d4i7k54k1sk7f6wnsq31700j6mfch39q-uv-0.9.26",
              "default": true
            }
          ],
          "store_path": "/nix/store/d4i7k54k1sk7f6wnsq31700j6mfch39q-uv-0.9.26"
        },
        "x86_64-linux": {
          "outputs": [
            {
              "name": "out",
              "path": "/nix/store/arj23552j8w9k5wqhbs1gn2m4pd7skbm-uv-0.9.26",
              "default": true
            }
          ],
          "store_path": "/nix/store/arj23552j8w9k5wqhbs1gn2m4pd7skbm-uv-0.9.26"
        }
      }
    }
  }
}
